
Microsoft Visual Studio Solution File, Format Version 12.00
# Visual Studio 15
VisualStudioVersion = 15.0.27428.2027
MinimumVisualStudioVersion = 10.0.40219.1
Project("{FAE04EC0-301F-11D3-BF4B-00C04F79EFBC}") = "MetaTypes", "MetaTypes\MetaTypes.csproj", "{322FAE3B-F015-4205-B237-0E2A38B59560}"
EndProject
Global
	GlobalSection(SolutionConfigurationPlatforms) = preSolution
		Debug|Any CPU = Debug|Any CPU
		Release|Any CPU = Release|Any CPU
	EndGlobalSection
	GlobalSection(ProjectConfigurationPlatforms) = postSolution
		{322FAE3B-F015-4205-B237-0E2A38B59560}.Debug|Any CPU.ActiveCfg = Debug|Any CPU
		{322FAE3B-F015-4205-B237-0E2A38B59560}.Debug|Any CPU.Build.0 = Debug|Any CPU
		{322FAE3B-F015-4205-B237-0E2A38B59560}.Release|Any CPU.ActiveCfg = Release|Any CPU
		{322FAE3B-F015-4205-B237-0E2A38B59560}.Release|Any CPU.Build.0 = Release|Any CPU
	EndGlobalSection
	GlobalSection(SolutionProperties) = preSolution
		HideSolutionNode = FALSE
	EndGlobalSection
	GlobalSection(ExtensibilityGlobals) = postSolution
		SolutionGuid = {BCCD4376-9437-4DC1-8905-AAFE9FE97888}
	EndGlobalSection
EndGlobal
